
Microsoft Visual Studio Solution File, Format Version 12.00
# Visual Studio 15
VisualStudioVersion = 15.0.27130.2003
MinimumVisualStudioVersion = 10.0.40219.1
Project("{FAE04EC0-301F-11D3-BF4B-00C04F79EFBC}") = "Expert_VSR", "Expert_VSR\Expert_VSR.csproj", "{C53913C9-79E2-4548-8C03-D9D24110A708}"
EndProject
Global
	GlobalSection(SolutionConfigurationPlatforms) = preSolution
		Debug|Any CPU = Debug|Any CPU
		Release|Any CPU = Release|Any CPU
	EndGlobalSection
	GlobalSection(ProjectConfigurationPlatforms) = postSolution
		{C53913C9-79E2-4548-8C03-D9D24110A708}.Debug|Any CPU.ActiveCfg = Debug|Any CPU
		{C53913C9-79E2-4548-8C03-D9D24110A708}.Debug|Any CPU.Build.0 = Debug|Any CPU
		{C53913C9-79E2-4548-8C03-D9D24110A708}.Release|Any CPU.ActiveCfg = Release|Any CPU
		{C53913C9-79E2-4548-8C03-D9D24110A708}.Release|Any CPU.Build.0 = Release|Any CPU
	EndGlobalSection
	GlobalSection(SolutionProperties) = preSolution
		HideSolutionNode = FALSE
	EndGlobalSection
	GlobalSection(ExtensibilityGlobals) = postSolution
		SolutionGuid = {D4F3B936-0FE4-4655-B8CE-82644B452B78}
	EndGlobalSection
EndGlobal
